
Microsoft Visual Studio Solution File, Format Version 12.00
# Visual Studio Version 17
VisualStudioVersion = 17.0.31919.166
MinimumVisualStudioVersion = 10.0.40219.1
Project("{9A19103F-16F7-4668-BE54-9A1E7A4F7556}") = "NBS.Appointments.Service.Unit.Tests", "NBS.Appointments.Service.Unit.Tests\NBS.Appointments.Service.Unit.Tests.csproj", "{C5DB60F0-4BB8-4254-8B79-91189B087E79}"
EndProject
Project("{9A19103F-16F7-4668-BE54-9A1E7A4F7556}") = "NBS.Appointments.Service.Api.Tests", "NBS.Appointments.Service.Api.Tests\NBS.Appointments.Service.Api.Tests.csproj", "{F602DF8B-B966-4336-84EB-12EBAE026EF9}"
EndProject
Project("{9A19103F-16F7-4668-BE54-9A1E7A4F7556}") = "NBS.Appointments.Service", "NBS.Appointments.Service\NBS.Appointments.Service.csproj", "{96CB87DF-2C88-4F92-9637-8DD6630E6AE3}"
EndProject
Project("{9A19103F-16F7-4668-BE54-9A1E7A4F7556}") = "NBS.Appointments.Service.Core", "NBS.Appointments.Service.Core\NBS.Appointments.Service.Core.csproj", "{A6F20C0E-C574-4907-8D4D-F0F3B03AD9F6}"
EndProject
Project("{9A19103F-16F7-4668-BE54-9A1E7A4F7556}") = "NBS.Appointments.Service.Core.Unit.Tests", "NBS.Appointments.Service.Core.Unit.Tests\NBS.Appointments.Service.Core.Unit.Tests.csproj", "{9AADE4D6-B519-4345-8BF7-370072B4382A}"
EndProject
Project("{FAE04EC0-301F-11D3-BF4B-00C04F79EFBC}") = "NBS.Appointments.Service.Monitoring", "NBS.Appointments.Service.Monitoring\NBS.Appointments.Service.Monitoring.csproj", "{B9AE30F5-2A23-4DB2-9265-2B348BBB8F62}"
EndProject
Global
	GlobalSection(SolutionConfigurationPlatforms) = preSolution
		Debug|Any CPU = Debug|Any CPU
		Release|Any CPU = Release|Any CPU
	EndGlobalSection
	GlobalSection(ProjectConfigurationPlatforms) = postSolution
		{C5DB60F0-4BB8-4254-8B79-91189B087E79}.Debug|Any CPU.ActiveCfg = Debug|Any CPU
		{C5DB60F0-4BB8-4254-8B79-91189B087E79}.Debug|Any CPU.Build.0 = Debug|Any CPU
		{C5DB60F0-4BB8-4254-8B79-91189B087E79}.Release|Any CPU.ActiveCfg = Release|Any CPU
		{C5DB60F0-4BB8-4254-8B79-91189B087E79}.Release|Any CPU.Build.0 = Release|Any CPU
		{F602DF8B-B966-4336-84EB-12EBAE026EF9}.Debug|Any CPU.ActiveCfg = Debug|Any CPU
		{F602DF8B-B966-4336-84EB-12EBAE026EF9}.Debug|Any CPU.Build.0 = Debug|Any CPU
		{F602DF8B-B966-4336-84EB-12EBAE026EF9}.Release|Any CPU.ActiveCfg = Release|Any CPU
		{F602DF8B-B966-4336-84EB-12EBAE026EF9}.Release|Any CPU.Build.0 = Release|Any CPU
		{96CB87DF-2C88-4F92-9637-8DD6630E6AE3}.Debug|Any CPU.ActiveCfg = Debug|Any CPU
		{96CB87DF-2C88-4F92-9637-8DD6630E6AE3}.Debug|Any CPU.Build.0 = Debug|Any CPU
		{96CB87DF-2C88-4F92-9637-8DD6630E6AE3}.Release|Any CPU.ActiveCfg = Release|Any CPU
		{96CB87DF-2C88-4F92-9637-8DD6630E6AE3}.Release|Any CPU.Build.0 = Release|Any CPU
		{A6F20C0E-C574-4907-8D4D-F0F3B03AD9F6}.Debug|Any CPU.ActiveCfg = Debug|Any CPU
		{A6F20C0E-C574-4907-8D4D-F0F3B03AD9F6}.Debug|Any CPU.Build.0 = Debug|Any CPU
		{A6F20C0E-C574-4907-8D4D-F0F3B03AD9F6}.Release|Any CPU.ActiveCfg = Release|Any CPU
		{A6F20C0E-C574-4907-8D4D-F0F3B03AD9F6}.Release|Any CPU.Build.0 = Release|Any CPU
		{9AADE4D6-B519-4345-8BF7-370072B4382A}.Debug|Any CPU.ActiveCfg = Debug|Any CPU
		{9AADE4D6-B519-4345-8BF7-370072B4382A}.Debug|Any CPU.Build.0 = Debug|Any CPU
		{9AADE4D6-B519-4345-8BF7-370072B4382A}.Release|Any CPU.ActiveCfg = Release|Any CPU
		{9AADE4D6-B519-4345-8BF7-370072B4382A}.Release|Any CPU.Build.0 = Release|Any CPU
		{B9AE30F5-2A23-4DB2-9265-2B348BBB8F62}.Debug|Any CPU.ActiveCfg = Debug|Any CPU
		{B9AE30F5-2A23-4DB2-9265-2B348BBB8F62}.Debug|Any CPU.Build.0 = Debug|Any CPU
		{B9AE30F5-2A23-4DB2-9265-2B348BBB8F62}.Release|Any CPU.ActiveCfg = Release|Any CPU
		{B9AE30F5-2A23-4DB2-9265-2B348BBB8F62}.Release|Any CPU.Build.0 = Release|Any CPU
	EndGlobalSection
	GlobalSection(SolutionProperties) = preSolution
		HideSolutionNode = FALSE
	EndGlobalSection
	GlobalSection(ExtensibilityGlobals) = postSolution
		SolutionGuid = {01ED431D-AC58-4271-AF42-2C59E0ADA18F}
	EndGlobalSection
EndGlobal
